
Microsoft Visual Studio Solution File, Format Version 12.00
# Visual Studio Version 17
VisualStudioVersion = 17.10.35013.160
MinimumVisualStudioVersion = 10.0.40219.1
Project("{FAE04EC0-301F-11D3-BF4B-00C04F79EFBC}") = "TodoList_PaolaDeras", "TodoList_PaolaDeras.csproj", "{307D0CA4-208E-44FB-9BBE-301B3E0B72BE}"
EndProject
Global
	GlobalSection(SolutionConfigurationPlatforms) = preSolution
		Debug|Any CPU = Debug|Any CPU
		Release|Any CPU = Release|Any CPU
	EndGlobalSection
	GlobalSection(ProjectConfigurationPlatforms) = postSolution
		{307D0CA4-208E-44FB-9BBE-301B3E0B72BE}.Debug|Any CPU.ActiveCfg = Debug|Any CPU
		{307D0CA4-208E-44FB-9BBE-301B3E0B72BE}.Debug|Any CPU.Build.0 = Debug|Any CPU
		{307D0CA4-208E-44FB-9BBE-301B3E0B72BE}.Debug|Any CPU.Deploy.0 = Debug|Any CPU
		{307D0CA4-208E-44FB-9BBE-301B3E0B72BE}.Release|Any CPU.ActiveCfg = Release|Any CPU
		{307D0CA4-208E-44FB-9BBE-301B3E0B72BE}.Release|Any CPU.Build.0 = Release|Any CPU
		{307D0CA4-208E-44FB-9BBE-301B3E0B72BE}.Release|Any CPU.Deploy.0 = Release|Any CPU
	EndGlobalSection
	GlobalSection(SolutionProperties) = preSolution
		HideSolutionNode = FALSE
	EndGlobalSection
	GlobalSection(ExtensibilityGlobals) = postSolution
		SolutionGuid = {5B44912C-3AB9-4D5C-87FA-52D8D0DF964A}
	EndGlobalSection
EndGlobal
